#
# This file is autogenerated by pip-compile with Python 3.12
# by the following command:
#
#    pip-compile --extra=dev --output-file=requirements.lock --strip-extras pyproject.toml
#
alembic==1.20.0
    # via legalmind (pyproject.toml)
annotated-doc==0.0.5
    # via fastapi
annotated-types==0.8.0
    # via pydantic
anyio==4.15.1
    # via
    #   httpx
    #   starlette
    #   watchfiles
argon2-cffi==25.1.0
    # via legalmind (pyproject.toml)
argon2-cffi-bindings==26.1.0
    # via argon2-cffi
asyncpg==0.32.0
    # via legalmind (pyproject.toml)
build==1.6.1
    # via pip-tools
certifi==2026.7.22
    # via
    #   httpcore
    #   httpx
cffi==2.1.1
    # via
    #   argon2-cffi-bindings
    #   cryptography
cfgv==3.5.0
    # via pre-commit
charset-normalizer==3.5.2
    # via pdfminer-six
click==8.5.0
    # via
    #   pip-tools
    #   uvicorn
colorama==0.4.6
    # via
    #   build
    #   pytest
cryptography==50.0.2
    # via
    #   legalmind (pyproject.toml)
    #   pdfminer-six
distlib==0.4.3
    # via virtualenv
fastapi==0.142.4
    # via legalmind (pyproject.toml)
filelock==4.0.12
    # via
    #   python-discovery
    #   virtualenv
greenlet==3.5.6
    # via sqlalchemy
h11==0.16.0
    # via
    #   httpcore
    #   uvicorn
httpcore==1.0.9
    # via httpx
httptools==0.8.0
    # via uvicorn
httpx==0.28.1
    # via legalmind (pyproject.toml)
identify==2.6.20
    # via pre-commit
idna==3.20
    # via
    #   anyio
    #   httpx
iniconfig==2.3.1
    # via pytest
lxml==6.1.3
    # via
    #   legalmind (pyproject.toml)
    #   python-docx
mako==1.4.3
    # via alembic
markupsafe==3.0.4
    # via mako
nodeenv==1.11.0
    # via pre-commit
opentelemetry-api==1.45.1
    # via fastapi
packaging==26.3
    # via
    #   build
    #   pytest
    #   virtualenv
    #   wheel
pdfminer-six==20251230
    # via pdfplumber
pdfplumber==0.11.9
    # via legalmind (pyproject.toml)
pgvector==0.5.0
    # via legalmind (pyproject.toml)
pillow==12.3.0
    # via pdfplumber
pip-tools==7.6.2
    # via legalmind (pyproject.toml)
platformdirs==4.12.4
    # via virtualenv
pluggy==1.6.0
    # via pytest
pre-commit==4.6.2
    # via legalmind (pyproject.toml)
pycparser==3.0
    # via cffi
pydantic==2.13.5
    # via
    #   fastapi
    #   legalmind (pyproject.toml)
    #   pydantic-settings
pydantic-core==2.46.5
    # via pydantic
pydantic-settings==2.15.0
    # via legalmind (pyproject.toml)
pygments==2.21.0
    # via pytest
pyjwt==2.15.1
    # via redis
pyotp==2.10.0
    # via legalmind (pyproject.toml)
pypdfium2==4.30.0
    # via
    #   legalmind (pyproject.toml)
    #   pdfplumber
pyproject-hooks==1.3.3
    # via
    #   build
    #   pip-tools
pytest==9.1.1
    # via legalmind (pyproject.toml)
python-discovery==1.6.1
    # via virtualenv
python-docx==1.2.0
    # via legalmind (pyproject.toml)
python-dotenv==1.2.4
    # via
    #   pydantic-settings
    #   uvicorn
pyyaml==6.0.3
    # via
    #   pre-commit
    #   uvicorn
redis==5.3.1
    # via legalmind (pyproject.toml)
ruff==0.16.10
    # via legalmind (pyproject.toml)
sqlalchemy==2.0.54
    # via
    #   alembic
    #   legalmind (pyproject.toml)
starlette==1.7.0
    # via fastapi
typing-extensions==4.16.0
    # via
    #   alembic
    #   anyio
    #   fastapi
    #   opentelemetry-api
    #   pydantic
    #   pydantic-core
    #   python-docx
    #   sqlalchemy
    #   starlette
    #   typing-inspection
typing-inspection==0.4.4
    # via
    #   fastapi
    #   pydantic
    #   pydantic-settings
uvicorn==0.54.0
    # via legalmind (pyproject.toml)
virtualenv==21.14.5
    # via pre-commit
watchfiles==1.3.0
    # via uvicorn
websockets==17.2
    # via uvicorn
wheel==0.48.0
    # via pip-tools

# The following packages are considered to be unsafe in a requirements file:
# pip
# setuptools
